
Microsoft Visual Studio Solution File, Format Version 12.00
# Visual Studio Version 16
VisualStudioVersion = 16.0.31424.327
MinimumVisualStudioVersion = 10.0.40219.1
Project("{FAE04EC0-301F-11D3-BF4B-00C04F79EFBC}") = "InstagramDraw", "InstagramDraw\InstagramDraw.csproj", "{25C66BD3-72AD-4007-A819-4651AB874F2C}"
EndProject
Global
	GlobalSection(SolutionConfigurationPlatforms) = preSolution
		Debug|Any CPU = Debug|Any CPU
		Release|Any CPU = Release|Any CPU
	EndGlobalSection
	GlobalSection(ProjectConfigurationPlatforms) = postSolution
		{25C66BD3-72AD-4007-A819-4651AB874F2C}.Debug|Any CPU.ActiveCfg = Debug|Any CPU
		{25C66BD3-72AD-4007-A819-4651AB874F2C}.Debug|Any CPU.Build.0 = Debug|Any CPU
		{25C66BD3-72AD-4007-A819-4651AB874F2C}.Release|Any CPU.ActiveCfg = Release|Any CPU
		{25C66BD3-72AD-4007-A819-4651AB874F2C}.Release|Any CPU.Build.0 = Release|Any CPU
	EndGlobalSection
	GlobalSection(SolutionProperties) = preSolution
		HideSolutionNode = FALSE
	EndGlobalSection
	GlobalSection(ExtensibilityGlobals) = postSolution
		SolutionGuid = {BBFD70F2-7B25-4CAB-8B2E-115385D7B83E}
	EndGlobalSection
EndGlobal
